
Microsoft Visual Studio Solution File, Format Version 12.00
# Visual Studio Version 17
VisualStudioVersion = 17.11.35208.52
MinimumVisualStudioVersion = 10.0.40219.1
Project("{FAE04EC0-301F-11D3-BF4B-00C04F79EFBC}") = "Quiz", "Quiz\Quiz.csproj", "{FC9EA5E4-FA71-4DC0-B55A-4418D69769BB}"
EndProject
Project("{2150E333-8FDC-42A3-9474-1A3956D46DE8}") = "Solution Items", "Solution Items", "{E1FFEEBE-7136-45D2-AEA0-EB36D9973838}"
	ProjectSection(SolutionItems) = preProject
		quiz.json = quiz.json
	EndProjectSection
EndProject
Global
	GlobalSection(SolutionConfigurationPlatforms) = preSolution
		Debug|Any CPU = Debug|Any CPU
		Release|Any CPU = Release|Any CPU
	EndGlobalSection
	GlobalSection(ProjectConfigurationPlatforms) = postSolution
		{FC9EA5E4-FA71-4DC0-B55A-4418D69769BB}.Debug|Any CPU.ActiveCfg = Debug|Any CPU
		{FC9EA5E4-FA71-4DC0-B55A-4418D69769BB}.Debug|Any CPU.Build.0 = Debug|Any CPU
		{FC9EA5E4-FA71-4DC0-B55A-4418D69769BB}.Release|Any CPU.ActiveCfg = Release|Any CPU
		{FC9EA5E4-FA71-4DC0-B55A-4418D69769BB}.Release|Any CPU.Build.0 = Release|Any CPU
	EndGlobalSection
	GlobalSection(SolutionProperties) = preSolution
		HideSolutionNode = FALSE
	EndGlobalSection
	GlobalSection(ExtensibilityGlobals) = postSolution
		SolutionGuid = {2C41241E-C212-4C1F-B25D-96594E719CFE}
	EndGlobalSection
EndGlobal
